
Microsoft Visual Studio Solution File, Format Version 12.00
# Visual Studio Version 17
VisualStudioVersion = 17.0.32014.148
MinimumVisualStudioVersion = 10.0.40219.1
Project("{FAE04EC0-301F-11D3-BF4B-00C04F79EFBC}") = "Draw", "Draw\Draw.csproj", "{3A49A9EB-5B8F-4C1A-A2D5-ED333EB267BF}"
EndProject
Global
	GlobalSection(SolutionConfigurationPlatforms) = preSolution
		Debug|Any CPU = Debug|Any CPU
		Release|Any CPU = Release|Any CPU
	EndGlobalSection
	GlobalSection(ProjectConfigurationPlatforms) = postSolution
		{3A49A9EB-5B8F-4C1A-A2D5-ED333EB267BF}.Debug|Any CPU.ActiveCfg = Debug|Any CPU
		{3A49A9EB-5B8F-4C1A-A2D5-ED333EB267BF}.Debug|Any CPU.Build.0 = Debug|Any CPU
		{3A49A9EB-5B8F-4C1A-A2D5-ED333EB267BF}.Release|Any CPU.ActiveCfg = Release|Any CPU
		{3A49A9EB-5B8F-4C1A-A2D5-ED333EB267BF}.Release|Any CPU.Build.0 = Release|Any CPU
	EndGlobalSection
	GlobalSection(SolutionProperties) = preSolution
		HideSolutionNode = FALSE
	EndGlobalSection
	GlobalSection(ExtensibilityGlobals) = postSolution
		SolutionGuid = {3DA59B60-13C2-44BB-B3FC-D803591E458A}
	EndGlobalSection
EndGlobal
